// !$*UTF8*$!
{
	archiveVersion = 1;
	classes = {
	};
	objectVersion = 50;
	objects = {

/* Begin PBXBuildFile section */
		ABAA078A21353A890078AF35 /* AppDelegate.swift in Sources */ = {isa = PBXBuildFile; fileRef = ABAA078921353A890078AF35 /* AppDelegate.swift */; };
		ABAA078C21353A890078AF35 /* ViewController.swift in Sources */ = {isa = PBXBuildFile; fileRef = ABAA078B21353A890078AF35 /* ViewController.swift */; };
		ABAA078F21353A890078AF35 /* Main.storyboard in Resources */ = {isa = PBXBuildFile; fileRef = ABAA078D21353A890078AF35 /* Main.storyboard */; };
		ABAA079121353A8B0078AF35 /* Assets.xcassets in Resources */ = {isa = PBXBuildFile; fileRef = ABAA079021353A8B0078AF35 /* Assets.xcassets */; };
		ABAA079421353A8B0078AF35 /* LaunchScreen.storyboard in Resources */ = {isa = PBXBuildFile; fileRef = ABAA079221353A8B0078AF35 /* LaunchScreen.storyboard */; };
		ABAA079C21353B080078AF35 /* MasterDelegate.swift in Sources */ = {isa = PBXBuildFile; fileRef = ABAA079B21353B080078AF35 /* MasterDelegate.swift */; };
/* End PBXBuildFile section */

/* Begin PBXFileReference section */
		ABAA078621353A890078AF35 /* DeclarativeDelegates.app */ = {isa = PBXFileReference; explicitFileType = wrapper.application; includeInIndex = 0; path = DeclarativeDelegates.app; sourceTree = BUILT_PRODUCTS_DIR; };
		ABAA078921353A890078AF35 /* AppDelegate.swift */ = {isa = PBXFileReference; lastKnownFileType = sourcecode.swift; path = AppDelegate.swift; sourceTree = "<group>"; };
		ABAA078B21353A890078AF35 /* ViewController.swift */ = {isa = PBXFileReference; lastKnownFileType = sourcecode.swift; path = ViewController.swift; sourceTree = "<group>"; };
		ABAA078E21353A890078AF35 /* Base */ = {isa = PBXFileReference; lastKnownFileType = file.storyboard; name = Base; path = Base.lproj/Main.storyboard; sourceTree = "<group>"; };
		ABAA079021353A8B0078AF35 /* Assets.xcassets */ = {isa = PBXFileReference; lastKnownFileType = folder.assetcatalog; path = Assets.xcassets; sourceTree = "<group>"; };
		ABAA079321353A8B0078AF35 /* Base */ = {isa = PBXFileReference; lastKnownFileType = file.storyboard; name = Base; path = Base.lproj/LaunchScreen.storyboard; sourceTree = "<group>"; };
		ABAA079521353A8B0078AF35 /* Info.plist */ = {isa = PBXFileReference; lastKnownFileType = text.plist.xml; path = Info.plist; sourceTree = "<group>"; };
		ABAA079B21353B080078AF35 /* MasterDelegate.swift */ = {isa = PBXFileReference; lastKnownFileType = sourcecode.swift; path = MasterDelegate.swift; sourceTree = "<group>"; };
/* End PBXFileReference section */

/* Begin PBXFrameworksBuildPhase section */
		ABAA078321353A890078AF35 /* Frameworks */ = {
			isa = PBXFrameworksBuildPhase;
			buildActionMask = 2147483647;
			files = (
			);
			runOnlyForDeploymentPostprocessing = 0;
		};
/* End PBXFrameworksBuildPhase section */

/* Begin PBXGroup section */
		ABAA077D21353A890078AF35 = {
			isa = PBXGroup;
			children = (
				ABAA078821353A890078AF35 /* DeclarativeDelegates */,
				ABAA078721353A890078AF35 /* Products */,
			);
			sourceTree = "<group>";
		};
		ABAA078721353A890078AF35 /* Products */ = {
			isa = PBXGroup;
			children = (
				ABAA078621353A890078AF35 /* DeclarativeDelegates.app */,
			);
			name = Products;
			sourceTree = "<group>";
		};
		ABAA078821353A890078AF35 /* DeclarativeDelegates */ = {
			isa = PBXGroup;
			children = (
				ABAA078921353A890078AF35 /* AppDelegate.swift */,
				ABAA078B21353A890078AF35 /* ViewController.swift */,
				ABAA078D21353A890078AF35 /* Main.storyboard */,
				ABAA079021353A8B0078AF35 /* Assets.xcassets */,
				ABAA079221353A8B0078AF35 /* LaunchScreen.storyboard */,
				ABAA079521353A8B0078AF35 /* Info.plist */,
				ABAA079B21353B080078AF35 /* MasterDelegate.swift */,
			);
			path = DeclarativeDelegates;
			sourceTree = "<group>";
		};
/* End PBXGroup section */

/* Begin PBXNativeTarget section */
		ABAA078521353A890078AF35 /* DeclarativeDelegates */ = {
			isa = PBXNativeTarget;
			buildConfigurationList = ABAA079821353A8B0078AF35 /* Build configuration list for PBXNativeTarget "DeclarativeDelegates" */;
			buildPhases = (
				ABAA078221353A890078AF35 /* Sources */,
				ABAA078321353A890078AF35 /* Frameworks */,
				ABAA078421353A890078AF35 /* Resources */,
			);
			buildRules = (
			);
			dependencies = (
			);
			name = DeclarativeDelegates;
			productName = DeclarativeDelegates;
			productReference = ABAA078621353A890078AF35 /* DeclarativeDelegates.app */;
			productType = "com.apple.product-type.application";
		};
/* End PBXNativeTarget section */

/* Begin PBXProject section */
		ABAA077E21353A890078AF35 /* Project object */ = {
			isa = PBXProject;
			attributes = {
				LastSwiftUpdateCheck = 0940;
				LastUpgradeCheck = 0940;
				ORGANIZATIONNAME = "Nirav Bhatt";
				TargetAttributes = {
					ABAA078521353A890078AF35 = {
						CreatedOnToolsVersion = 9.4.1;
					};
				};
			};
			buildConfigurationList = ABAA078121353A890078AF35 /* Build configuration list for PBXProject "DeclarativeDelegates" */;
			compatibilityVersion = "Xcode 9.3";
			developmentRegion = en;
			hasScannedForEncodings = 0;
			knownRegions = (
				en,
				Base,
			);
			mainGroup = ABAA077D21353A890078AF35;
			productRefGroup = ABAA078721353A890078AF35 /* Products */;
			projectDirPath = "";
			projectRoot = "";
			targets = (
				ABAA078521353A890078AF35 /* DeclarativeDelegates */,
			);
		};
/* End PBXProject section */

/* Begin PBXResourcesBuildPhase section */
		ABAA078421353A890078AF35 /* Resources */ = {
			isa = PBXResourcesBuildPhase;
			buildActionMask = 2147483647;
			files = (
				ABAA079421353A8B0078AF35 /* LaunchScreen.storyboard in Resources */,
				ABAA079121353A8B0078AF35 /* Assets.xcassets in Resources */,
				ABAA078F21353A890078AF35 /* Main.storyboard in Resources */,
			);
			runOnlyForDeploymentPostprocessing = 0;
		};
/* End PBXResourcesBuildPhase section */

/* Begin PBXSourcesBuildPhase section */
		ABAA078221353A890078AF35 /* Sources */ = {
			isa = PBXSourcesBuildPhase;
			buildActionMask = 2147483647;
			files = (
				ABAA078C21353A890078AF35 /* ViewController.swift in Sources */,
				ABAA078A21353A890078AF35 /* AppDelegate.swift in Sources */,
				ABAA079C21353B080078AF35 /* MasterDelegate.swift in Sources */,
			);
			runOnlyForDeploymentPostprocessing = 0;
		};
/* End PBXSourcesBuildPhase section */

/* Begin PBXVariantGroup section */
		ABAA078D21353A890078AF35 /* Main.storyboard */ = {
			isa = PBXVariantGroup;
			children = (
				ABAA078E21353A890078AF35 /* Base */,
			);
			name = Main.storyboard;
			sourceTree = "<group>";
		};
		ABAA079221353A8B0078AF35 /* LaunchScreen.storyboard */ = {
			isa = PBXVariantGroup;
			children = (
				ABAA079321353A8B0078AF35 /* Base */,
			);
			name = LaunchScreen.storyboard;
			sourceTree = "<group>";
		};
/* End PBXVariantGroup section */

/* Begin XCBuildConfiguration section */
		ABAA079621353A8B0078AF35 /* Debug */ = {
			isa = XCBuildConfiguration;
			buildSettings = {
				ALWAYS_SEARCH_USER_PATHS = NO;
				CLANG_ANALYZER_NONNULL = YES;
				CLANG_ANALYZER_NUMBER_OBJECT_CONVERSION = YES_AGGRESSIVE;
				CLANG_CXX_LANGUAGE_STANDARD = "gnu++14";
				CLANG_CXX_LIBRARY = "libc++";
				CLANG_ENABLE_MODULES = YES;
				CLANG_ENABLE_OBJC_ARC = YES;
				CLANG_ENABLE_OBJC_WEAK = YES;
				CLANG_WARN_BLOCK_CAPTURE_AUTORELEASING = YES;
				CLANG_WARN_BOOL_CONVERSION = YES;
				CLANG_WARN_COMMA = YES;
				CLANG_WARN_CONSTANT_CONVERSION = YES;
				CLANG_WARN_DEPRECATED_OBJC_IMPLEMENTATIONS = YES;
				CLANG_WARN_DIRECT_OBJC_ISA_USAGE = YES_ERROR;
				CLANG_WARN_DOCUMENTATION_COMMENTS = YES;
				CLANG_WARN_EMPTY_BODY = YES;
				CLANG_WARN_ENUM_CONVERSION = YES;
				CLANG_WARN_INFINITE_RECURSION = YES;
				CLANG_WARN_INT_CONVERSION = YES;
				CLANG_WARN_NON_LITERAL_NULL_CONVERSION = YES;
				CLANG_WARN_OBJC_IMPLICIT_RETAIN_SELF = YES;
				CLANG_WARN_OBJC_LITERAL_CONVERSION = YES;
				CLANG_WARN_OBJC_ROOT_CLASS = YES_ERROR;
				CLANG_WARN_RANGE_LOOP_ANALYSIS = YES;
				CLANG_WARN_STRICT_PROTOTYPES = YES;
				CLANG_WARN_SUSPICIOUS_MOVE = YES;
				CLANG_WARN_UNGUARDED_AVAILABILITY = YES_AGGRESSIVE;
				CLANG_WARN_UNREACHABLE_CODE = YES;
				CLANG_WARN__DUPLICATE_METHOD_MATCH = YES;
				CODE_SIGN_IDENTITY = "iPhone Developer";
				COPY_PHASE_STRIP = NO;
				DEBUG_INFORMATION_FORMAT = dwarf;
				ENABLE_STRICT_OBJC_MSGSEND = YES;
				ENABLE_TESTABILITY = YES;
				GCC_C_LANGUAGE_STANDARD = gnu11;
				GCC_DYNAMIC_NO_PIC = NO;
				GCC_NO_COMMON_BLOCKS = YES;
				GCC_OPTIMIZATION_LEVEL = 0;
				GCC_PREPROCESSOR_DEFINITIONS = (
					"DEBUG=1",
					"$(inherited)",
				);
				GCC_WARN_64_TO_32_BIT_CONVERSION = YES;
				GCC_WARN_ABOUT_RETURN_TYPE = YES_ERROR;
				GCC_WARN_UNDECLARED_SELECTOR = YES;
				GCC_WARN_UNINITIALIZED_AUTOS = YES_AGGRESSIVE;
				GCC_WARN_UNUSED_FUNCTION = YES;
				GCC_WARN_UNUSED_VARIABLE = YES;
				IPHONEOS_DEPLOYMENT_TARGET = 11.4;
				MTL_ENABLE_DEBUG_INFO = YES;
				ONLY_ACTIVE_ARCH = YES;
				SDKROOT = iphoneos;
				SWIFT_ACTIVE_COMPILATION_CONDITIONS = DEBUG;
				SWIFT_OPTIMIZATION_LEVEL = "-Onone";
			};
			name = Debug;
		};
		ABAA079721353A8B0078AF35 /* Release */ = {
			isa = XCBuildConfiguration;
			buildSettings = {
				ALWAYS_SEARCH_USER_PATHS = NO;
				CLANG_ANALYZER_NONNULL = YES;
				CLANG_ANALYZER_NUMBER_OBJECT_CONVERSION = YES_AGGRESSIVE;
				CLANG_CXX_LANGUAGE_STANDARD = "gnu++14";
				CLANG_CXX_LIBRARY = "libc++";
				CLANG_ENABLE_MODULES = YES;
				CLANG_ENABLE_OBJC_ARC = YES;
				CLANG_ENABLE_OBJC_WEAK = YES;
				CLANG_WARN_BLOCK_CAPTURE_AUTORELEASING = YES;
				CLANG_WARN_BOOL_CONVERSION = YES;
				CLANG_WARN_COMMA = YES;
				CLANG_WARN_CONSTANT_CONVERSION = YES;
				CLANG_WARN_DEPRECATED_OBJC_IMPLEMENTATIONS = YES;
				CLANG_WARN_DIRECT_OBJC_ISA_USAGE = YES_ERROR;
				CLANG_WARN_DOCUMENTATION_COMMENTS = YES;
				CLANG_WARN_EMPTY_BODY = YES;
				CLANG_WARN_ENUM_CONVERSION = YES;
				CLANG_WARN_INFINITE_RECURSION = YES;
				CLANG_WARN_INT_CONVERSION = YES;
				CLANG_WARN_NON_LITERAL_NULL_CONVERSION = YES;
				CLANG_WARN_OBJC_IMPLICIT_RETAIN_SELF = YES;
				CLANG_WARN_OBJC_LITERAL_CONVERSION = YES;
				CLANG_WARN_OBJC_ROOT_CLASS = YES_ERROR;
				CLANG_WARN_RANGE_LOOP_ANALYSIS = YES;
				CLANG_WARN_STRICT_PROTOTYPES = YES;
				CLANG_WARN_SUSPICIOUS_MOVE = YES;
				CLANG_WARN_UNGUARDED_AVAILABILITY = YES_AGGRESSIVE;
				CLANG_WARN_UNREACHABLE_CODE = YES;
				CLANG_WARN__DUPLICATE_METHOD_MATCH = YES;
				CODE_SIGN_IDENTITY = "iPhone Developer";
				COPY_PHASE_STRIP = NO;
				DEBUG_INFORMATION_FORMAT = "dwarf-with-dsym";
				ENABLE_NS_ASSERTIONS = NO;
				ENABLE_STRICT_OBJC_MSGSEND = YES;
				GCC_C_LANGUAGE_STANDARD = gnu11;
				GCC_NO_COMMON_BLOCKS = YES;
				GCC_WARN_64_TO_32_BIT_CONVERSION = YES;
				GCC_WARN_ABOUT_RETURN_TYPE = YES_ERROR;
				GCC_WARN_UNDECLARED_SELECTOR = YES;
				GCC_WARN_UNINITIALIZED_AUTOS = YES_AGGRESSIVE;
				GCC_WARN_UNUSED_FUNCTION = YES;
				GCC_WARN_UNUSED_VARIABLE = YES;
				IPHONEOS_DEPLOYMENT_TARGET = 11.4;
				MTL_ENABLE_DEBUG_INFO = NO;
				SDKROOT = iphoneos;
				SWIFT_COMPILATION_MODE = wholemodule;
				SWIFT_OPTIMIZATION_LEVEL = "-O";
				VALIDATE_PRODUCT = YES;
			};
			name = Release;
		};
		ABAA079921353A8B0078AF35 /* Debug */ = {
			isa = XCBuildConfiguration;
			buildSettings = {
				ASSETCATALOG_COMPILER_APPICON_NAME = AppIcon;
				CODE_SIGN_STYLE = Automatic;
				DEVELOPMENT_TEAM = ERGWFYQHB2;
				INFOPLIST_FILE = DeclarativeDelegates/Info.plist;
				LD_RUNPATH_SEARCH_PATHS = (
					"$(inherited)",
					"@executable_path/Frameworks",
				);
				PRODUCT_BUNDLE_IDENTIFIER = Symbio.DeclarativeDelegates;
				PRODUCT_NAME = "$(TARGET_NAME)";
				SWIFT_VERSION = 4.0;
				TARGETED_DEVICE_FAMILY = "1,2";
			};
			name = Debug;
		};
		ABAA079A21353A8B0078AF35 /* Release */ = {
			isa = XCBuildConfiguration;
			buildSettings = {
				ASSETCATALOG_COMPILER_APPICON_NAME = AppIcon;
				CODE_SIGN_STYLE = Automatic;
				DEVELOPMENT_TEAM = ERGWFYQHB2;
				INFOPLIST_FILE = DeclarativeDelegates/Info.plist;
				LD_RUNPATH_SEARCH_PATHS = (
					"$(inherited)",
					"@executable_path/Frameworks",
				);
				PRODUCT_BUNDLE_IDENTIFIER = Symbio.DeclarativeDelegates;
				PRODUCT_NAME = "$(TARGET_NAME)";
				SWIFT_VERSION = 4.0;
				TARGETED_DEVICE_FAMILY = "1,2";
			};
			name = Release;
		};
/* End XCBuildConfiguration section */

/* Begin XCConfigurationList section */
		ABAA078121353A890078AF35 /* Build configuration list for PBXProject "DeclarativeDelegates" */ = {
			isa = XCConfigurationList;
			buildConfigurations = (
				ABAA079621353A8B0078AF35 /* Debug */,
				ABAA079721353A8B0078AF35 /* Release */,
			);
			defaultConfigurationIsVisible = 0;
			defaultConfigurationName = Release;
		};
		ABAA079821353A8B0078AF35 /* Build configuration list for PBXNativeTarget "DeclarativeDelegates" */ = {
			isa = XCConfigurationList;
			buildConfigurations = (
				ABAA079921353A8B0078AF35 /* Debug */,
				ABAA079A21353A8B0078AF35 /* Release */,
			);
			defaultConfigurationIsVisible = 0;
			defaultConfigurationName = Release;
		};
/* End XCConfigurationList section */
	};
	rootObject = ABAA077E21353A890078AF35 /* Project object */;
}
